
Microsoft Visual Studio Solution File, Format Version 12.00
Project("{FAE04EC0-301F-11D3-BF4B-00C04F79EFBC}") = "HareDu", "HareDu\HareDu.csproj", "{E7810FC8-1129-46EF-8541-5A41C336E190}"
EndProject
Project("{FAE04EC0-301F-11D3-BF4B-00C04F79EFBC}") = "HareDu.Core", "HareDu.Core\HareDu.Core.csproj", "{F07666CE-5EB0-4846-9219-E77C9132BCEC}"
EndProject
Project("{2150E333-8FDC-42A3-9474-1A3956D46DE8}") = "Testing", "Testing", "{D342D234-7AEB-4C0D-B641-E3FC0C55160A}"
EndProject
Project("{FAE04EC0-301F-11D3-BF4B-00C04F79EFBC}") = "HareDu.IntegrationTests", "HareDu.IntegrationTests\HareDu.IntegrationTests.csproj", "{FB586288-61C5-4F40-8EFF-23A307164DB4}"
EndProject
Project("{FAE04EC0-301F-11D3-BF4B-00C04F79EFBC}") = "HareDu.Tests", "HareDu.Tests\HareDu.Tests.csproj", "{3885D347-AC99-448A-9C32-759AFF04C1BD}"
EndProject
Project("{FAE04EC0-301F-11D3-BF4B-00C04F79EFBC}") = "HareDu.Snapshotting", "HareDu.Snapshotting\HareDu.Snapshotting.csproj", "{44484524-A509-43F2-9A95-86BF44B3E472}"
EndProject
Project("{FAE04EC0-301F-11D3-BF4B-00C04F79EFBC}") = "HareDu.Snapshotting.Tests", "HareDu.Snapshotting.Tests\HareDu.Snapshotting.Tests.csproj", "{CA8507F9-9794-4E8C-8F31-BC0498AE6E6E}"
EndProject
Project("{FAE04EC0-301F-11D3-BF4B-00C04F79EFBC}") = "HareDu.Diagnostics", "HareDu.Diagnostics\HareDu.Diagnostics.csproj", "{D63690C7-2B0A-4794-8289-DB92259A7F8C}"
EndProject
Project("{FAE04EC0-301F-11D3-BF4B-00C04F79EFBC}") = "HareDu.Diagnostics.Tests", "HareDu.Diagnostics.Tests\HareDu.Diagnostics.Tests.csproj", "{77FCCD4C-22A5-4D34-8D24-A61F390A933F}"
EndProject
Project("{2150E333-8FDC-42A3-9474-1A3956D46DE8}") = "Containers", "Containers", "{9F1A5A7C-E5CD-4198-B1CF-C57A47DDF896}"
EndProject
Project("{FAE04EC0-301F-11D3-BF4B-00C04F79EFBC}") = "HareDu.MicrosoftIntegration", "HareDu.MicrosoftIntegration\HareDu.MicrosoftIntegration.csproj", "{4E47BD29-1DF6-4020-9CB1-7E9A224859AA}"
EndProject
Project("{FAE04EC0-301F-11D3-BF4B-00C04F79EFBC}") = "HareDu.AutofacIntegration", "HareDu.AutofacIntegration\HareDu.AutofacIntegration.csproj", "{5203CC5C-FCDE-428A-A7C4-4B1431540E30}"
EndProject
Project("{2150E333-8FDC-42A3-9474-1A3956D46DE8}") = "Integration", "Integration", "{CE809EA8-1A18-4FFA-9819-4864D11A31F9}"
EndProject
Project("{2150E333-8FDC-42A3-9474-1A3956D46DE8}") = "Unit", "Unit", "{16103888-36A8-40AF-B861-05C07C9B6ACA}"
EndProject
Project("{FAE04EC0-301F-11D3-BF4B-00C04F79EFBC}") = "HareDu.Snapshotting.IntegrationTests", "HareDu.Snapshotting.IntegrationTests\HareDu.Snapshotting.IntegrationTests.csproj", "{FA6B1E55-A6B5-4BB8-BF2A-8D8B14562FE8}"
EndProject
Project("{FAE04EC0-301F-11D3-BF4B-00C04F79EFBC}") = "HareDu.Diagnostics.IntegrationTests", "HareDu.Diagnostics.IntegrationTests\HareDu.Diagnostics.IntegrationTests.csproj", "{A7313527-BF51-47DA-968C-C5A5BF2BFA18}"
EndProject
Project("{2150E333-8FDC-42A3-9474-1A3956D46DE8}") = "Performance", "Performance", "{718CE878-3CAF-4A57-98A5-4371C3FEDCDC}"
EndProject
Project("{FAE04EC0-301F-11D3-BF4B-00C04F79EFBC}") = "HareDu.Perf", "HareDu.Perf\HareDu.Perf.csproj", "{646C8409-51D1-4720-A503-95C6B32AB1A8}"
EndProject
Project("{FAE04EC0-301F-11D3-BF4B-00C04F79EFBC}") = "HareDu.Snapshotting.Perf", "HareDu.Snapshotting.Perf\HareDu.Snapshotting.Perf.csproj", "{D559CB93-E3E7-4D80-A4E3-9833E8B8D079}"
EndProject
Global
	GlobalSection(SolutionConfigurationPlatforms) = preSolution
		Debug|Any CPU = Debug|Any CPU
		Release|Any CPU = Release|Any CPU
	EndGlobalSection
	GlobalSection(ProjectConfigurationPlatforms) = postSolution
		{E7810FC8-1129-46EF-8541-5A41C336E190}.Debug|Any CPU.ActiveCfg = Debug|Any CPU
		{E7810FC8-1129-46EF-8541-5A41C336E190}.Debug|Any CPU.Build.0 = Debug|Any CPU
		{E7810FC8-1129-46EF-8541-5A41C336E190}.Release|Any CPU.ActiveCfg = Release|Any CPU
		{E7810FC8-1129-46EF-8541-5A41C336E190}.Release|Any CPU.Build.0 = Release|Any CPU
		{F07666CE-5EB0-4846-9219-E77C9132BCEC}.Debug|Any CPU.ActiveCfg = Debug|Any CPU
		{F07666CE-5EB0-4846-9219-E77C9132BCEC}.Debug|Any CPU.Build.0 = Debug|Any CPU
		{F07666CE-5EB0-4846-9219-E77C9132BCEC}.Release|Any CPU.ActiveCfg = Release|Any CPU
		{F07666CE-5EB0-4846-9219-E77C9132BCEC}.Release|Any CPU.Build.0 = Release|Any CPU
		{FB586288-61C5-4F40-8EFF-23A307164DB4}.Debug|Any CPU.ActiveCfg = Debug|Any CPU
		{FB586288-61C5-4F40-8EFF-23A307164DB4}.Debug|Any CPU.Build.0 = Debug|Any CPU
		{FB586288-61C5-4F40-8EFF-23A307164DB4}.Release|Any CPU.ActiveCfg = Release|Any CPU
		{FB586288-61C5-4F40-8EFF-23A307164DB4}.Release|Any CPU.Build.0 = Release|Any CPU
		{3885D347-AC99-448A-9C32-759AFF04C1BD}.Debug|Any CPU.ActiveCfg = Debug|Any CPU
		{3885D347-AC99-448A-9C32-759AFF04C1BD}.Debug|Any CPU.Build.0 = Debug|Any CPU
		{3885D347-AC99-448A-9C32-759AFF04C1BD}.Release|Any CPU.ActiveCfg = Release|Any CPU
		{3885D347-AC99-448A-9C32-759AFF04C1BD}.Release|Any CPU.Build.0 = Release|Any CPU
		{44484524-A509-43F2-9A95-86BF44B3E472}.Debug|Any CPU.ActiveCfg = Debug|Any CPU
		{44484524-A509-43F2-9A95-86BF44B3E472}.Debug|Any CPU.Build.0 = Debug|Any CPU
		{44484524-A509-43F2-9A95-86BF44B3E472}.Release|Any CPU.ActiveCfg = Release|Any CPU
		{44484524-A509-43F2-9A95-86BF44B3E472}.Release|Any CPU.Build.0 = Release|Any CPU
		{CA8507F9-9794-4E8C-8F31-BC0498AE6E6E}.Debug|Any CPU.ActiveCfg = Debug|Any CPU
		{CA8507F9-9794-4E8C-8F31-BC0498AE6E6E}.Debug|Any CPU.Build.0 = Debug|Any CPU
		{CA8507F9-9794-4E8C-8F31-BC0498AE6E6E}.Release|Any CPU.ActiveCfg = Release|Any CPU
		{CA8507F9-9794-4E8C-8F31-BC0498AE6E6E}.Release|Any CPU.Build.0 = Release|Any CPU
		{D63690C7-2B0A-4794-8289-DB92259A7F8C}.Debug|Any CPU.ActiveCfg = Debug|Any CPU
		{D63690C7-2B0A-4794-8289-DB92259A7F8C}.Debug|Any CPU.Build.0 = Debug|Any CPU
		{D63690C7-2B0A-4794-8289-DB92259A7F8C}.Release|Any CPU.ActiveCfg = Release|Any CPU
		{D63690C7-2B0A-4794-8289-DB92259A7F8C}.Release|Any CPU.Build.0 = Release|Any CPU
		{77FCCD4C-22A5-4D34-8D24-A61F390A933F}.Debug|Any CPU.ActiveCfg = Debug|Any CPU
		{77FCCD4C-22A5-4D34-8D24-A61F390A933F}.Debug|Any CPU.Build.0 = Debug|Any CPU
		{77FCCD4C-22A5-4D34-8D24-A61F390A933F}.Release|Any CPU.ActiveCfg = Release|Any CPU
		{77FCCD4C-22A5-4D34-8D24-A61F390A933F}.Release|Any CPU.Build.0 = Release|Any CPU
		{4E47BD29-1DF6-4020-9CB1-7E9A224859AA}.Debug|Any CPU.ActiveCfg = Debug|Any CPU
		{4E47BD29-1DF6-4020-9CB1-7E9A224859AA}.Debug|Any CPU.Build.0 = Debug|Any CPU
		{4E47BD29-1DF6-4020-9CB1-7E9A224859AA}.Release|Any CPU.ActiveCfg = Release|Any CPU
		{4E47BD29-1DF6-4020-9CB1-7E9A224859AA}.Release|Any CPU.Build.0 = Release|Any CPU
		{5203CC5C-FCDE-428A-A7C4-4B1431540E30}.Debug|Any CPU.ActiveCfg = Debug|Any CPU
		{5203CC5C-FCDE-428A-A7C4-4B1431540E30}.Debug|Any CPU.Build.0 = Debug|Any CPU
		{5203CC5C-FCDE-428A-A7C4-4B1431540E30}.Release|Any CPU.ActiveCfg = Release|Any CPU
		{5203CC5C-FCDE-428A-A7C4-4B1431540E30}.Release|Any CPU.Build.0 = Release|Any CPU
		{FA6B1E55-A6B5-4BB8-BF2A-8D8B14562FE8}.Debug|Any CPU.ActiveCfg = Debug|Any CPU
		{FA6B1E55-A6B5-4BB8-BF2A-8D8B14562FE8}.Debug|Any CPU.Build.0 = Debug|Any CPU
		{FA6B1E55-A6B5-4BB8-BF2A-8D8B14562FE8}.Release|Any CPU.ActiveCfg = Release|Any CPU
		{FA6B1E55-A6B5-4BB8-BF2A-8D8B14562FE8}.Release|Any CPU.Build.0 = Release|Any CPU
		{A7313527-BF51-47DA-968C-C5A5BF2BFA18}.Debug|Any CPU.ActiveCfg = Debug|Any CPU
		{A7313527-BF51-47DA-968C-C5A5BF2BFA18}.Debug|Any CPU.Build.0 = Debug|Any CPU
		{A7313527-BF51-47DA-968C-C5A5BF2BFA18}.Release|Any CPU.ActiveCfg = Release|Any CPU
		{A7313527-BF51-47DA-968C-C5A5BF2BFA18}.Release|Any CPU.Build.0 = Release|Any CPU
		{646C8409-51D1-4720-A503-95C6B32AB1A8}.Debug|Any CPU.ActiveCfg = Debug|Any CPU
		{646C8409-51D1-4720-A503-95C6B32AB1A8}.Debug|Any CPU.Build.0 = Debug|Any CPU
		{646C8409-51D1-4720-A503-95C6B32AB1A8}.Release|Any CPU.ActiveCfg = Release|Any CPU
		{646C8409-51D1-4720-A503-95C6B32AB1A8}.Release|Any CPU.Build.0 = Release|Any CPU
		{D559CB93-E3E7-4D80-A4E3-9833E8B8D079}.Debug|Any CPU.ActiveCfg = Debug|Any CPU
		{D559CB93-E3E7-4D80-A4E3-9833E8B8D079}.Debug|Any CPU.Build.0 = Debug|Any CPU
		{D559CB93-E3E7-4D80-A4E3-9833E8B8D079}.Release|Any CPU.ActiveCfg = Release|Any CPU
		{D559CB93-E3E7-4D80-A4E3-9833E8B8D079}.Release|Any CPU.Build.0 = Release|Any CPU
	EndGlobalSection
	GlobalSection(NestedProjects) = preSolution
		{4E47BD29-1DF6-4020-9CB1-7E9A224859AA} = {9F1A5A7C-E5CD-4198-B1CF-C57A47DDF896}
		{5203CC5C-FCDE-428A-A7C4-4B1431540E30} = {9F1A5A7C-E5CD-4198-B1CF-C57A47DDF896}
		{CE809EA8-1A18-4FFA-9819-4864D11A31F9} = {D342D234-7AEB-4C0D-B641-E3FC0C55160A}
		{16103888-36A8-40AF-B861-05C07C9B6ACA} = {D342D234-7AEB-4C0D-B641-E3FC0C55160A}
		{77FCCD4C-22A5-4D34-8D24-A61F390A933F} = {16103888-36A8-40AF-B861-05C07C9B6ACA}
		{FB586288-61C5-4F40-8EFF-23A307164DB4} = {CE809EA8-1A18-4FFA-9819-4864D11A31F9}
		{CA8507F9-9794-4E8C-8F31-BC0498AE6E6E} = {16103888-36A8-40AF-B861-05C07C9B6ACA}
		{3885D347-AC99-448A-9C32-759AFF04C1BD} = {16103888-36A8-40AF-B861-05C07C9B6ACA}
		{FA6B1E55-A6B5-4BB8-BF2A-8D8B14562FE8} = {CE809EA8-1A18-4FFA-9819-4864D11A31F9}
		{A7313527-BF51-47DA-968C-C5A5BF2BFA18} = {CE809EA8-1A18-4FFA-9819-4864D11A31F9}
		{718CE878-3CAF-4A57-98A5-4371C3FEDCDC} = {D342D234-7AEB-4C0D-B641-E3FC0C55160A}
		{646C8409-51D1-4720-A503-95C6B32AB1A8} = {718CE878-3CAF-4A57-98A5-4371C3FEDCDC}
		{D559CB93-E3E7-4D80-A4E3-9833E8B8D079} = {718CE878-3CAF-4A57-98A5-4371C3FEDCDC}
	EndGlobalSection
EndGlobal
